
Microsoft Visual Studio Solution File, Format Version 12.00
# Visual Studio Version 17
VisualStudioVersion = 17.9.34723.18
MinimumVisualStudioVersion = 10.0.40219.1
Project("{FAE04EC0-301F-11D3-BF4B-00C04F79EFBC}") = "vatACARS", "vatACARS\vatACARS.csproj", "{F16D78E3-A651-475A-BFB6-DE5AF7DEA7FE}"
EndProject
Global
	GlobalSection(SolutionConfigurationPlatforms) = preSolution
		Debug|Any CPU = Debug|Any CPU
		Release|Any CPU = Release|Any CPU
	EndGlobalSection
	GlobalSection(ProjectConfigurationPlatforms) = postSolution
		{F16D78E3-A651-475A-BFB6-DE5AF7DEA7FE}.Debug|Any CPU.ActiveCfg = Debug|Any CPU
		{F16D78E3-A651-475A-BFB6-DE5AF7DEA7FE}.Debug|Any CPU.Build.0 = Debug|Any CPU
		{F16D78E3-A651-475A-BFB6-DE5AF7DEA7FE}.Release|Any CPU.ActiveCfg = Release|x86
		{F16D78E3-A651-475A-BFB6-DE5AF7DEA7FE}.Release|Any CPU.Build.0 = Release|x86
	EndGlobalSection
	GlobalSection(SolutionProperties) = preSolution
		HideSolutionNode = FALSE
	EndGlobalSection
	GlobalSection(ExtensibilityGlobals) = postSolution
		SolutionGuid = {E8D18103-1C15-4CA5-977C-5EECF3827503}
	EndGlobalSection
EndGlobal
